
Microsoft Visual Studio Solution File, Format Version 12.00
# Visual Studio Version 17
VisualStudioVersion = 17.4.33213.308
MinimumVisualStudioVersion = 10.0.40219.1
Project("{FAE04EC0-301F-11D3-BF4B-00C04F79EFBC}") = "AzureIoTDeviceAPI_Manjula", "AzureIoTDeviceAPI_Manjula\AzureIoTDeviceAPI_Manjula.csproj", "{B9A739D4-9350-487B-BC4F-E5D5B54302BE}"
EndProject
Global
	GlobalSection(SolutionConfigurationPlatforms) = preSolution
		Debug|Any CPU = Debug|Any CPU
		Release|Any CPU = Release|Any CPU
	EndGlobalSection
	GlobalSection(ProjectConfigurationPlatforms) = postSolution
		{B9A739D4-9350-487B-BC4F-E5D5B54302BE}.Debug|Any CPU.ActiveCfg = Debug|Any CPU
		{B9A739D4-9350-487B-BC4F-E5D5B54302BE}.Debug|Any CPU.Build.0 = Debug|Any CPU
		{B9A739D4-9350-487B-BC4F-E5D5B54302BE}.Release|Any CPU.ActiveCfg = Release|Any CPU
		{B9A739D4-9350-487B-BC4F-E5D5B54302BE}.Release|Any CPU.Build.0 = Release|Any CPU
	EndGlobalSection
	GlobalSection(SolutionProperties) = preSolution
		HideSolutionNode = FALSE
	EndGlobalSection
	GlobalSection(ExtensibilityGlobals) = postSolution
		SolutionGuid = {28679E2D-0D20-4991-A1C9-C1CFD43F072F}
	EndGlobalSection
EndGlobal
